
Microsoft Visual Studio Solution File, Format Version 12.00
# Visual Studio Version 16
VisualStudioVersion = 16.0.32228.343
MinimumVisualStudioVersion = 10.0.40219.1
Project("{FAE04EC0-301F-11D3-BF4B-00C04F79EFBC}") = "PROJECT", "PROJECT\PROJECT.csproj", "{2552C6A0-2A97-4034-BA8C-E0E8D4EA28BF}"
EndProject
Global
	GlobalSection(SolutionConfigurationPlatforms) = preSolution
		Debug|Any CPU = Debug|Any CPU
		Release|Any CPU = Release|Any CPU
	EndGlobalSection
	GlobalSection(ProjectConfigurationPlatforms) = postSolution
		{2552C6A0-2A97-4034-BA8C-E0E8D4EA28BF}.Debug|Any CPU.ActiveCfg = Debug|Any CPU
		{2552C6A0-2A97-4034-BA8C-E0E8D4EA28BF}.Debug|Any CPU.Build.0 = Debug|Any CPU
		{2552C6A0-2A97-4034-BA8C-E0E8D4EA28BF}.Release|Any CPU.ActiveCfg = Release|Any CPU
		{2552C6A0-2A97-4034-BA8C-E0E8D4EA28BF}.Release|Any CPU.Build.0 = Release|Any CPU
	EndGlobalSection
	GlobalSection(SolutionProperties) = preSolution
		HideSolutionNode = FALSE
	EndGlobalSection
	GlobalSection(ExtensibilityGlobals) = postSolution
		SolutionGuid = {5384A82B-80A3-45EA-81D8-53953B2DF53E}
	EndGlobalSection
EndGlobal
